
Microsoft Visual Studio Solution File, Format Version 12.00
# Visual Studio 15
VisualStudioVersion = 15.0.28307.489
MinimumVisualStudioVersion = 10.0.40219.1
Project("{FAE04EC0-301F-11D3-BF4B-00C04F79EFBC}") = "ShopCar", "ShopCar\ShopCar.csproj", "{C90D20BD-9101-446D-BDAB-8393807B0899}"
EndProject
Global
	GlobalSection(SolutionConfigurationPlatforms) = preSolution
		Debug|Any CPU = Debug|Any CPU
		Release|Any CPU = Release|Any CPU
	EndGlobalSection
	GlobalSection(ProjectConfigurationPlatforms) = postSolution
		{C90D20BD-9101-446D-BDAB-8393807B0899}.Debug|Any CPU.ActiveCfg = Debug|Any CPU
		{C90D20BD-9101-446D-BDAB-8393807B0899}.Debug|Any CPU.Build.0 = Debug|Any CPU
		{C90D20BD-9101-446D-BDAB-8393807B0899}.Release|Any CPU.ActiveCfg = Release|Any CPU
		{C90D20BD-9101-446D-BDAB-8393807B0899}.Release|Any CPU.Build.0 = Release|Any CPU
	EndGlobalSection
	GlobalSection(SolutionProperties) = preSolution
		HideSolutionNode = FALSE
	EndGlobalSection
	GlobalSection(ExtensibilityGlobals) = postSolution
		SolutionGuid = {37D97A00-B889-4470-8B15-50217FEE86B3}
	EndGlobalSection
EndGlobal
